{
  "nodes": {
    "nixpkgs": {
      "locked": {
        "lastModified": 1635188449,
        "narHash": "sha256-krEPulkZDrvHBTmtQ2uZhOFM0gB5u0O2x3PfmF82lpo=",
        "owner": "NixOS",
        "repo": "nixpkgs",
        "rev": "f790fcd0bea2ef09f436e9d8088cfe2fea2c4c12",
        "type": "github"
      },
      "original": {
        "id": "nixpkgs",
        "ref": "nixpkgs-unstable",
        "type": "indirect"
      }
    },
    "root": {
      "inputs": {
        "nixpkgs": "nixpkgs",
        "utils": "utils"
      }
    },
    "utils": {
      "locked": {
        "lastModified": 1634851050,
        "narHash": "sha256-N83GlSGPJJdcqhUxSCS/WwW5pksYf3VP1M13cDRTSVA=",
        "owner": "numtide",
        "repo": "flake-utils",
        "rev": "c91f3de5adaf1de973b797ef7485e441a65b8935",
        "type": "github"
      },
      "original": {
        "owner": "numtide",
        "repo": "flake-utils",
        "type": "github"
      }
    }
  },
  "root": "root",
  "version": 7
}
