{
  "nodes": {
    "nixpkgs": {
      "locked": {
        "lastModified": 1656250965,
        "narHash": "sha256-2IlNf6jxEJiuCrGymqLOLjxk2SIj4HhVIwEb0kvcs24=",
        "owner": "NixOS",
        "repo": "nixpkgs",
        "rev": "9a17f325397d137ac4d219ecbd5c7f15154422f4",
        "type": "github"
      },
      "original": {
        "id": "nixpkgs",
        "ref": "nixpkgs-unstable",
        "type": "indirect"
      }
    },
    "root": {
      "inputs": {
        "nixpkgs": "nixpkgs",
        "utils": "utils"
      }
    },
    "utils": {
      "locked": {
        "lastModified": 1656065134,
        "narHash": "sha256-oc6E6ByIw3oJaIyc67maaFcnjYOz1mMcOtHxbEf9NwQ=",
        "owner": "numtide",
        "repo": "flake-utils",
        "rev": "bee6a7250dd1b01844a2de7e02e4df7d8a0a206c",
        "type": "github"
      },
      "original": {
        "owner": "numtide",
        "repo": "flake-utils",
        "type": "github"
      }
    }
  },
  "root": "root",
  "version": 7
}
